
Microsoft Visual Studio Solution File, Format Version 12.00
Project("{FAE04EC0-301F-11D3-BF4B-00C04F79EFBC}") = "Problem_1", "Problem_1\Problem_1.csproj", "{A6C2ABC0-BF1F-4D67-9EC6-C9F72EA128C4}"
EndProject
Project("{FAE04EC0-301F-11D3-BF4B-00C04F79EFBC}") = "Problem_2", "Problem_2\Problem_2.csproj", "{FB0A5970-7751-4309-8E04-58ACD4513E61}"
EndProject
Project("{FAE04EC0-301F-11D3-BF4B-00C04F79EFBC}") = "Problem_3", "Problem_3\Problem_3.csproj", "{9CD39A16-8108-401F-9E61-06172FEC2555}"
EndProject
Project("{FAE04EC0-301F-11D3-BF4B-00C04F79EFBC}") = "Problem_4", "Problem_4\Problem_4.csproj", "{1E424752-FF0F-4399-8A39-8C37F3CF74BB}"
EndProject
Project("{FAE04EC0-301F-11D3-BF4B-00C04F79EFBC}") = "Problem_5", "Problem_5\Problem_5.csproj", "{9A93181B-4EFA-4591-A184-07A69B9C7963}"
EndProject
Project("{FAE04EC0-301F-11D3-BF4B-00C04F79EFBC}") = "Problem_6", "Problem_6\Problem_6.csproj", "{CAF3FA4B-B062-4DB4-8A46-DDAB0DDE6550}"
EndProject
Project("{FAE04EC0-301F-11D3-BF4B-00C04F79EFBC}") = "Problem_7", "Problem_7\Problem_7.csproj", "{9A31D1A4-E307-4F71-B0BC-DE8E0301CF23}"
EndProject
Project("{FAE04EC0-301F-11D3-BF4B-00C04F79EFBC}") = "Problem_8", "Problem_8\Problem_8.csproj", "{740FF9FB-4B72-4271-AF4A-7C798A2203D6}"
EndProject
Project("{FAE04EC0-301F-11D3-BF4B-00C04F79EFBC}") = "Problem_9", "Problem_9\Problem_9.csproj", "{A44A47A4-C659-4592-B7AA-8A65A05F91E0}"
EndProject
Project("{FAE04EC0-301F-11D3-BF4B-00C04F79EFBC}") = "Problem_10", "Problem_10\Problem_10.csproj", "{E1172509-08C7-4DF7-A2E3-F507C2A454F2}"
EndProject
Project("{FAE04EC0-301F-11D3-BF4B-00C04F79EFBC}") = "Problem_11", "Problem_11\Problem_11.csproj", "{8B52A44E-8E22-450F-AB08-3605399EA164}"
EndProject
Global
	GlobalSection(SolutionConfigurationPlatforms) = preSolution
		Debug|Any CPU = Debug|Any CPU
		Release|Any CPU = Release|Any CPU
	EndGlobalSection
	GlobalSection(ProjectConfigurationPlatforms) = postSolution
		{A6C2ABC0-BF1F-4D67-9EC6-C9F72EA128C4}.Debug|Any CPU.ActiveCfg = Debug|Any CPU
		{A6C2ABC0-BF1F-4D67-9EC6-C9F72EA128C4}.Debug|Any CPU.Build.0 = Debug|Any CPU
		{A6C2ABC0-BF1F-4D67-9EC6-C9F72EA128C4}.Release|Any CPU.ActiveCfg = Release|Any CPU
		{A6C2ABC0-BF1F-4D67-9EC6-C9F72EA128C4}.Release|Any CPU.Build.0 = Release|Any CPU
		{FB0A5970-7751-4309-8E04-58ACD4513E61}.Debug|Any CPU.ActiveCfg = Debug|Any CPU
		{FB0A5970-7751-4309-8E04-58ACD4513E61}.Debug|Any CPU.Build.0 = Debug|Any CPU
		{FB0A5970-7751-4309-8E04-58ACD4513E61}.Release|Any CPU.ActiveCfg = Release|Any CPU
		{FB0A5970-7751-4309-8E04-58ACD4513E61}.Release|Any CPU.Build.0 = Release|Any CPU
		{9CD39A16-8108-401F-9E61-06172FEC2555}.Debug|Any CPU.ActiveCfg = Debug|Any CPU
		{9CD39A16-8108-401F-9E61-06172FEC2555}.Debug|Any CPU.Build.0 = Debug|Any CPU
		{9CD39A16-8108-401F-9E61-06172FEC2555}.Release|Any CPU.ActiveCfg = Release|Any CPU
		{9CD39A16-8108-401F-9E61-06172FEC2555}.Release|Any CPU.Build.0 = Release|Any CPU
		{1E424752-FF0F-4399-8A39-8C37F3CF74BB}.Debug|Any CPU.ActiveCfg = Debug|Any CPU
		{1E424752-FF0F-4399-8A39-8C37F3CF74BB}.Debug|Any CPU.Build.0 = Debug|Any CPU
		{1E424752-FF0F-4399-8A39-8C37F3CF74BB}.Release|Any CPU.ActiveCfg = Release|Any CPU
		{1E424752-FF0F-4399-8A39-8C37F3CF74BB}.Release|Any CPU.Build.0 = Release|Any CPU
		{9A93181B-4EFA-4591-A184-07A69B9C7963}.Debug|Any CPU.ActiveCfg = Debug|Any CPU
		{9A93181B-4EFA-4591-A184-07A69B9C7963}.Debug|Any CPU.Build.0 = Debug|Any CPU
		{9A93181B-4EFA-4591-A184-07A69B9C7963}.Release|Any CPU.ActiveCfg = Release|Any CPU
		{9A93181B-4EFA-4591-A184-07A69B9C7963}.Release|Any CPU.Build.0 = Release|Any CPU
		{CAF3FA4B-B062-4DB4-8A46-DDAB0DDE6550}.Debug|Any CPU.ActiveCfg = Debug|Any CPU
		{CAF3FA4B-B062-4DB4-8A46-DDAB0DDE6550}.Debug|Any CPU.Build.0 = Debug|Any CPU
		{CAF3FA4B-B062-4DB4-8A46-DDAB0DDE6550}.Release|Any CPU.ActiveCfg = Release|Any CPU
		{CAF3FA4B-B062-4DB4-8A46-DDAB0DDE6550}.Release|Any CPU.Build.0 = Release|Any CPU
		{9A31D1A4-E307-4F71-B0BC-DE8E0301CF23}.Debug|Any CPU.ActiveCfg = Debug|Any CPU
		{9A31D1A4-E307-4F71-B0BC-DE8E0301CF23}.Debug|Any CPU.Build.0 = Debug|Any CPU
		{9A31D1A4-E307-4F71-B0BC-DE8E0301CF23}.Release|Any CPU.ActiveCfg = Release|Any CPU
		{9A31D1A4-E307-4F71-B0BC-DE8E0301CF23}.Release|Any CPU.Build.0 = Release|Any CPU
		{740FF9FB-4B72-4271-AF4A-7C798A2203D6}.Debug|Any CPU.ActiveCfg = Debug|Any CPU
		{740FF9FB-4B72-4271-AF4A-7C798A2203D6}.Debug|Any CPU.Build.0 = Debug|Any CPU
		{740FF9FB-4B72-4271-AF4A-7C798A2203D6}.Release|Any CPU.ActiveCfg = Release|Any CPU
		{740FF9FB-4B72-4271-AF4A-7C798A2203D6}.Release|Any CPU.Build.0 = Release|Any CPU
		{A44A47A4-C659-4592-B7AA-8A65A05F91E0}.Debug|Any CPU.ActiveCfg = Debug|Any CPU
		{A44A47A4-C659-4592-B7AA-8A65A05F91E0}.Debug|Any CPU.Build.0 = Debug|Any CPU
		{A44A47A4-C659-4592-B7AA-8A65A05F91E0}.Release|Any CPU.ActiveCfg = Release|Any CPU
		{A44A47A4-C659-4592-B7AA-8A65A05F91E0}.Release|Any CPU.Build.0 = Release|Any CPU
		{E1172509-08C7-4DF7-A2E3-F507C2A454F2}.Debug|Any CPU.ActiveCfg = Debug|Any CPU
		{E1172509-08C7-4DF7-A2E3-F507C2A454F2}.Debug|Any CPU.Build.0 = Debug|Any CPU
		{E1172509-08C7-4DF7-A2E3-F507C2A454F2}.Release|Any CPU.ActiveCfg = Release|Any CPU
		{E1172509-08C7-4DF7-A2E3-F507C2A454F2}.Release|Any CPU.Build.0 = Release|Any CPU
		{8B52A44E-8E22-450F-AB08-3605399EA164}.Debug|Any CPU.ActiveCfg = Debug|Any CPU
		{8B52A44E-8E22-450F-AB08-3605399EA164}.Debug|Any CPU.Build.0 = Debug|Any CPU
		{8B52A44E-8E22-450F-AB08-3605399EA164}.Release|Any CPU.ActiveCfg = Release|Any CPU
		{8B52A44E-8E22-450F-AB08-3605399EA164}.Release|Any CPU.Build.0 = Release|Any CPU
	EndGlobalSection
EndGlobal
